{
  "version": "1.0.0",
  "lockfileVersion": 2,
  "workspaces": {
    "": {
      "name": "imgx",
      "devDependencies": {
        "better-dx": "^0.2.7",
        "cac": "^7.0.0",
        "sharp": "^0.34.5"
      }
    },
    "packages/bun-plugin": {
      "name": "bun-plugin-imgx",
      "version": "0.2.20",
      "dependencies": {
        "ts-images": "workspace:*"
      },
      "devDependencies": {
        "bun-plugin-dtsx": "^0.21.12"
      }
    },
    "packages/ts-images": {
      "name": "ts-images",
      "version": "0.2.20",
      "devDependencies": {
        "@stacksjs/clapp": "^0.2.0",
        "bun-plugin-dtsx": "^0.21.12",
        "bunfig": "^0.15.0",
        "changelogen": "^0.6.2",
        "image-size": "^2.0.2",
        "svgo": "^4.0.0",
        "ts-potrace": "^0.1.0"
      }
    },
    "packages/vite-plugin": {
      "name": "vite-plugin-imgx",
      "version": "0.1.6",
      "dependencies": {
        "ts-images": "workspace:*"
      },
      "devDependencies": {
        "bun-plugin-dtsx": "^0.21.12"
      }
    },
    "packages/vscode": {
      "name": "@stacksjs/imgx-vscode",
      "version": "0.2.20"
    }
  },
  "packages": {
    "@stacksjs/clapp@^0.2.0": {
      "name": "@stacksjs/clapp",
      "version": "^0.2.0",
      "source": "npm",
      "dependencies": {
        "mri": "^1.2.0",
        "wrap-ansi": "^9.0.0"
      },
      "bin": {
        "@stacksjs/clapp": "./dist/bin/cli.js",
        "clapp": "./dist/bin/cli.js"
      }
    },
    "better-dx@^0.2.7": {
      "name": "better-dx",
      "version": "^0.2.7",
      "source": "npm",
      "peerDependencies": {
        "@stacksjs/bumpx": "^0.2.4",
        "@stacksjs/bunpress": "^0.1.1",
        "@stacksjs/clarity": "^0.3.24",
        "@stacksjs/gitlint": "^0.1.5",
        "@stacksjs/logsmith": "^0.2.1",
        "@types/bun": "^1.3.10",
        "buddy-bot": "^0.9.17",
        "bun-git-hooks": "^0.3.1",
        "bun-plugin-dtsx": "^0.9.13",
        "bunfig": "^0.15.6",
        "pickier": "^0.1.20",
        "ts-error-handling": "^0.1.1",
        "typescript": "^5.9.3"
      },
      "bin": {
        "better-dx": "./dist/bin/cli.js",
        "dx": "./dist/bin/cli.js"
      }
    },
    "bun-plugin-dtsx@^0.21.12": {
      "name": "bun-plugin-dtsx",
      "version": "^0.21.12",
      "source": "npm",
      "dependencies": {
        "@stacksjs/dtsx": "^0.9.8"
      }
    },
    "bunfig@^0.15.0": {
      "name": "bunfig",
      "version": "^0.15.0",
      "source": "npm",
      "dependencies": {
        "@stacksjs/clapp": "^0.2.0",
        "@stacksjs/clarity": "^0.3.24"
      },
      "bin": {
        "bunfig": "./bin/cli.js"
      }
    },
    "cac@^7.0.0": {
      "name": "cac",
      "version": "^7.0.0",
      "source": "npm"
    },
    "changelogen@^0.6.2": {
      "name": "changelogen",
      "version": "^0.6.2",
      "source": "npm",
      "dependencies": {
        "c12": "^3.0.4",
        "confbox": "^0.2.2",
        "consola": "^3.4.2",
        "convert-gitmoji": "^0.1.5",
        "mri": "^1.2.0",
        "node-fetch-native": "^1.6.6",
        "ofetch": "^1.4.1",
        "open": "^10.1.2",
        "pathe": "^2.0.3",
        "pkg-types": "^2.2.0",
        "scule": "^1.3.0",
        "semver": "^7.7.2",
        "std-env": "^3.9.0"
      },
      "bin": {
        "changelogen": "./dist/cli.mjs"
      }
    },
    "image-size@^2.0.2": {
      "name": "image-size",
      "version": "^2.0.2",
      "source": "npm",
      "bin": {
        "image-size": "bin/image-size.js"
      }
    },
    "sharp@^0.34.5": {
      "name": "sharp",
      "version": "^0.34.5",
      "source": "npm",
      "dependencies": {
        "@img/colour": "^1.0.0",
        "detect-libc": "^2.1.2",
        "semver": "^7.7.3"
      }
    },
    "svgo@^4.0.0": {
      "name": "svgo",
      "version": "^4.0.0",
      "source": "npm",
      "dependencies": {
        "commander": "^11.1.0",
        "css-select": "^5.1.0",
        "css-tree": "^3.0.1",
        "css-what": "^6.1.0",
        "csso": "^5.0.5",
        "picocolors": "^1.1.1",
        "sax": "^1.5.0"
      },
      "bin": {
        "svgo": "./bin/svgo.js"
      }
    },
    "ts-potrace@^0.1.0": {
      "name": "ts-potrace",
      "version": "^0.1.0",
      "source": "npm",
      "dependencies": {
        "jimp": "^1.6.0"
      }
    }
  }
}
